{
  "pins" : [
    {
      "identity" : "faissmobile",
      "kind" : "remoteSourceControl",
      "location" : "https://github.com/jkrukowski/FaissMobile",
      "state" : {
        "revision" : "9d5b9925305eea9398cc92ce4a8e51c8a4b043af",
        "version" : "0.0.1"
      }
    },
    {
      "identity" : "swift-argument-parser",
      "kind" : "remoteSourceControl",
      "location" : "https://github.com/apple/swift-argument-parser",
      "state" : {
        "revision" : "c8ed701b513cf5177118a175d85fbbbcd707ab41",
        "version" : "1.3.0"
      }
    },
    {
      "identity" : "swiftformat",
      "kind" : "remoteSourceControl",
      "location" : "https://github.com/nicklockwood/SwiftFormat",
      "state" : {
        "revision" : "ad7707bd34a33fa64a2c593c53deaa7d7469e2f0",
        "version" : "0.52.11"
      }
    }
  ],
  "version" : 2
}
